PODS:
  - BAPickView (1.2.0):
    - BAPickView/BAPickerManager (= 1.2.0)
    - Masonry
  - BAPickView/BAPickerManager (1.2.0):
    - Masonry
  - Masonry (1.1.0)

DEPENDENCIES:
  - BAPickView (from `../`)

SPEC REPOS:
  trunk:
    - Masonry

EXTERNAL SOURCES:
  BAPickView:
    :path: "../"

SPEC CHECKSUMS:
  BAPickView: 840c0bb99ab1b9fc54688cff881b9ecbed958cd9
  Masonry: 678fab65091a9290e40e2832a55e7ab731aad201

PODFILE CHECKSUM: 66ec998834369603c88bcac4f5c4bd5bc35661c1

COCOAPODS: 1.9.3
