PODS:
  - BAPickView (1.2.1):
    - BAPickView/PickerView (= 1.2.1)
    - BAPickView/Tools (= 1.2.1)
    - Masonry
  - BAPickView/PickerView (1.2.1):
    - Masonry
  - BAPickView/Tools (1.2.1):
    - Masonry
  - Masonry (1.1.0)

DEPENDENCIES:
  - BAPickView (from `../`)

SPEC REPOS:
  trunk:
    - Masonry

EXTERNAL SOURCES:
  BAPickView:
    :path: "../"

SPEC CHECKSUMS:
  BAPickView: 42306bd6c7c9de7878e4e4a0aa3614bcd1797d60
  Masonry: 678fab65091a9290e40e2832a55e7ab731aad201

PODFILE CHECKSUM: 66ec998834369603c88bcac4f5c4bd5bc35661c1

COCOAPODS: 1.10.1
